
Microsoft Visual Studio Solution File, Format Version 12.00
# Visual Studio Version 17
VisualStudioVersion = 17.13.35806.99 d17.13
MinimumVisualStudioVersion = 10.0.40219.1
Project("{FAE04EC0-301F-11D3-BF4B-00C04F79EFBC}") = "DeepSeek.NET", "src\DeepSeek.NET\DeepSeek.NET.csproj", "{AE378E4A-E21D-47AB-94DC-520F3436998D}"
EndProject
Global
	GlobalSection(SolutionConfigurationPlatforms) = preSolution
		Debug|Any CPU = Debug|Any CPU
		Release|Any CPU = Release|Any CPU
	EndGlobalSection
	GlobalSection(ProjectConfigurationPlatforms) = postSolution
		{AE378E4A-E21D-47AB-94DC-520F3436998D}.Debug|Any CPU.ActiveCfg = Debug|Any CPU
		{AE378E4A-E21D-47AB-94DC-520F3436998D}.Debug|Any CPU.Build.0 = Debug|Any CPU
		{AE378E4A-E21D-47AB-94DC-520F3436998D}.Release|Any CPU.ActiveCfg = Release|Any CPU
		{AE378E4A-E21D-47AB-94DC-520F3436998D}.Release|Any CPU.Build.0 = Release|Any CPU
	EndGlobalSection
	GlobalSection(SolutionProperties) = preSolution
		HideSolutionNode = FALSE
	EndGlobalSection
	GlobalSection(ExtensibilityGlobals) = postSolution
		SolutionGuid = {47666DFB-AF5F-414E-B102-C492B6EA2CBC}
	EndGlobalSection
EndGlobal
